// !$*UTF8*$!
{
	archiveVersion = 1;
	classes = {
	};
	objectVersion = 46;
	objects = {

/* Begin PBXBuildFile section */
		7BAC9F78157BD85D001D1EEF /* UIKit.framework in Frameworks */ = {isa = PBXBuildFile; fileRef = 7BAC9F77157BD85D001D1EEF /* UIKit.framework */; };
		7BAC9F7A157BD85D001D1EEF /* Foundation.framework in Frameworks */ = {isa = PBXBuildFile; fileRef = 7BAC9F79157BD85D001D1EEF /* Foundation.framework */; };
		7BAC9F7C157BD85D001D1EEF /* CoreGraphics.framework in Frameworks */ = {isa = PBXBuildFile; fileRef = 7BAC9F7B157BD85D001D1EEF /* CoreGraphics.framework */; };
		7BAC9F82157BD85D001D1EEF /* InfoPlist.strings in Resources */ = {isa = PBXBuildFile; fileRef = 7BAC9F80157BD85D001D1EEF /* InfoPlist.strings */; };
		7BAC9F84157BD85D001D1EEF /* main.m in Sources */ = {isa = PBXBuildFile; fileRef = 7BAC9F83157BD85D001D1EEF /* main.m */; };
		7BAC9F88157BD85D001D1EEF /* AppDelegate.m in Sources */ = {isa = PBXBuildFile; fileRef = 7BAC9F87157BD85D001D1EEF /* AppDelegate.m */; };
		7BAC9F8B157BD85D001D1EEF /* MainStoryboard.storyboard in Resources */ = {isa = PBXBuildFile; fileRef = 7BAC9F89157BD85D001D1EEF /* MainStoryboard.storyboard */; };
		7BAC9F8E157BD85D001D1EEF /* CurrentLocationViewController.m in Sources */ = {isa = PBXBuildFile; fileRef = 7BAC9F8D157BD85D001D1EEF /* CurrentLocationViewController.m */; };
		7BAC9F90157BD85D001D1EEF /* first.png in Resources */ = {isa = PBXBuildFile; fileRef = 7BAC9F8F157BD85D001D1EEF /* first.png */; };
		7BAC9F92157BD85D001D1EEF /* first@2x.png in Resources */ = {isa = PBXBuildFile; fileRef = 7BAC9F91157BD85D001D1EEF /* first@2x.png */; };
		7BAC9F95157BD85D001D1EEF /* SecondViewController.m in Sources */ = {isa = PBXBuildFile; fileRef = 7BAC9F94157BD85D001D1EEF /* SecondViewController.m */; };
		7BAC9F97157BD85D001D1EEF /* second.png in Resources */ = {isa = PBXBuildFile; fileRef = 7BAC9F96157BD85D001D1EEF /* second.png */; };
		7BAC9F99157BD85D001D1EEF /* second@2x.png in Resources */ = {isa = PBXBuildFile; fileRef = 7BAC9F98157BD85D001D1EEF /* second@2x.png */; };
		7BAC9FA5157BDD37001D1EEF /* CoreLocation.framework in Frameworks */ = {isa = PBXBuildFile; fileRef = 7BAC9FA4157BDD37001D1EEF /* CoreLocation.framework */; };
		7BAC9FAC157BE4C2001D1EEF /* LocationDetailsViewController.m in Sources */ = {isa = PBXBuildFile; fileRef = 7BAC9FAB157BE4C2001D1EEF /* LocationDetailsViewController.m */; };
		7BAC9FB0157BEAA3001D1EEF /* CategoryPickerViewController.m in Sources */ = {isa = PBXBuildFile; fileRef = 7BAC9FAF157BEAA3001D1EEF /* CategoryPickerViewController.m */; };
		AE75A5861677A0850038F663 /* HudView.m in Sources */ = {isa = PBXBuildFile; fileRef = AE75A5851677A0850038F663 /* HudView.m */; };
		AE75A5891677AD7A0038F663 /* Progress.txt in Resources */ = {isa = PBXBuildFile; fileRef = AE75A5881677AD7A0038F663 /* Progress.txt */; };
		AEBF8FAD167E5969005AB502 /* CoreData.framework in Frameworks */ = {isa = PBXBuildFile; fileRef = AEBF8FAC167E5969005AB502 /* CoreData.framework */; };
		AEBF8FB1167E59A0005AB502 /* DataModel.xcdatamodeld in Sources */ = {isa = PBXBuildFile; fileRef = AEBF8FAF167E59A0005AB502 /* DataModel.xcdatamodeld */; };
		AEC42BF9167E50330015FD20 /* Checkmark.png in Resources */ = {isa = PBXBuildFile; fileRef = AEC42BF7167E50330015FD20 /* Checkmark.png */; };
		AEC42BFA167E50330015FD20 /* Checkmark@2x.png in Resources */ = {isa = PBXBuildFile; fileRef = AEC42BF8167E50330015FD20 /* Checkmark@2x.png */; };
/* End PBXBuildFile section */

/* Begin PBXFileReference section */
		7BAC9F73157BD85D001D1EEF /* MyLocations.app */ = {isa = PBXFileReference; explicitFileType = wrapper.application; includeInIndex = 0; path = MyLocations.app; sourceTree = BUILT_PRODUCTS_DIR; };
		7BAC9F77157BD85D001D1EEF /* UIKit.framework */ = {isa = PBXFileReference; lastKnownFileType = wrapper.framework; name = UIKit.framework; path = System/Library/Frameworks/UIKit.framework; sourceTree = SDKROOT; };
		7BAC9F79157BD85D001D1EEF /* Foundation.framework */ = {isa = PBXFileReference; lastKnownFileType = wrapper.framework; name = Foundation.framework; path = System/Library/Frameworks/Foundation.framework; sourceTree = SDKROOT; };
		7BAC9F7B157BD85D001D1EEF /* CoreGraphics.framework */ = {isa = PBXFileReference; lastKnownFileType = wrapper.framework; name = CoreGraphics.framework; path = System/Library/Frameworks/CoreGraphics.framework; sourceTree = SDKROOT; };
		7BAC9F7F157BD85D001D1EEF /* MyLocations-Info.plist */ = {isa = PBXFileReference; lastKnownFileType = text.plist.xml; path = "MyLocations-Info.plist"; sourceTree = "<group>"; };
		7BAC9F81157BD85D001D1EEF /* en */ = {isa = PBXFileReference; lastKnownFileType = text.plist.strings; name = en; path = en.lproj/InfoPlist.strings; sourceTree = "<group>"; };
		7BAC9F83157BD85D001D1EEF /* main.m */ = {isa = PBXFileReference; lastKnownFileType = sourcecode.c.objc; path = main.m; sourceTree = "<group>"; };
		7BAC9F85157BD85D001D1EEF /* MyLocations-Prefix.pch */ = {isa = PBXFileReference; lastKnownFileType = sourcecode.c.h; path = "MyLocations-Prefix.pch"; sourceTree = "<group>"; };
		7BAC9F86157BD85D001D1EEF /* AppDelegate.h */ = {isa = PBXFileReference; lastKnownFileType = sourcecode.c.h; path = AppDelegate.h; sourceTree = "<group>"; };
		7BAC9F87157BD85D001D1EEF /* AppDelegate.m */ = {isa = PBXFileReference; lastKnownFileType = sourcecode.c.objc; path = AppDelegate.m; sourceTree = "<group>"; };
		7BAC9F8A157BD85D001D1EEF /* en */ = {isa = PBXFileReference; lastKnownFileType = file.storyboard; name = en; path = en.lproj/MainStoryboard.storyboard; sourceTree = "<group>"; };
		7BAC9F8C157BD85D001D1EEF /* CurrentLocationViewController.h */ = {isa = PBXFileReference; lastKnownFileType = sourcecode.c.h; path = CurrentLocationViewController.h; sourceTree = "<group>"; };
		7BAC9F8D157BD85D001D1EEF /* CurrentLocationViewController.m */ = {isa = PBXFileReference; lastKnownFileType = sourcecode.c.objc; path = CurrentLocationViewController.m; sourceTree = "<group>"; };
		7BAC9F8F157BD85D001D1EEF /* first.png */ = {isa = PBXFileReference; lastKnownFileType = image.png; path = first.png; sourceTree = "<group>"; };
		7BAC9F91157BD85D001D1EEF /* first@2x.png */ = {isa = PBXFileReference; lastKnownFileType = image.png; path = "first@2x.png"; sourceTree = "<group>"; };
		7BAC9F93157BD85D001D1EEF /* SecondViewController.h */ = {isa = PBXFileReference; lastKnownFileType = sourcecode.c.h; path = SecondViewController.h; sourceTree = "<group>"; };
		7BAC9F94157BD85D001D1EEF /* SecondViewController.m */ = {isa = PBXFileReference; lastKnownFileType = sourcecode.c.objc; path = SecondViewController.m; sourceTree = "<group>"; };
		7BAC9F96157BD85D001D1EEF /* second.png */ = {isa = PBXFileReference; lastKnownFileType = image.png; path = second.png; sourceTree = "<group>"; };
		7BAC9F98157BD85D001D1EEF /* second@2x.png */ = {isa = PBXFileReference; lastKnownFileType = image.png; path = "second@2x.png"; sourceTree = "<group>"; };
		7BAC9FA4157BDD37001D1EEF /* CoreLocation.framework */ = {isa = PBXFileReference; lastKnownFileType = wrapper.framework; name = CoreLocation.framework; path = System/Library/Frameworks/CoreLocation.framework; sourceTree = SDKROOT; };
		7BAC9FAA157BE4C2001D1EEF /* LocationDetailsViewController.h */ = {isa = PBXFileReference; fileEncoding = 4; lastKnownFileType = sourcecode.c.h; path = LocationDetailsViewController.h; sourceTree = "<group>"; };
		7BAC9FAB157BE4C2001D1EEF /* LocationDetailsViewController.m */ = {isa = PBXFileReference; fileEncoding = 4; lastKnownFileType = sourcecode.c.objc; path = LocationDetailsViewController.m; sourceTree = "<group>"; };
		7BAC9FAE157BEAA3001D1EEF /* CategoryPickerViewController.h */ = {isa = PBXFileReference; fileEncoding = 4; lastKnownFileType = sourcecode.c.h; path = CategoryPickerViewController.h; sourceTree = "<group>"; };
		7BAC9FAF157BEAA3001D1EEF /* CategoryPickerViewController.m */ = {isa = PBXFileReference; fileEncoding = 4; lastKnownFileType = sourcecode.c.objc; path = CategoryPickerViewController.m; sourceTree = "<group>"; };
		AE75A5841677A0850038F663 /* HudView.h */ = {isa = PBXFileReference; fileEncoding = 4; lastKnownFileType = sourcecode.c.h; path = HudView.h; sourceTree = "<group>"; };
		AE75A5851677A0850038F663 /* HudView.m */ = {isa = PBXFileReference; fileEncoding = 4; lastKnownFileType = sourcecode.c.objc; path = HudView.m; sourceTree = "<group>"; };
		AE75A5881677AD7A0038F663 /* Progress.txt */ = {isa = PBXFileReference; fileEncoding = 4; lastKnownFileType = text; path = Progress.txt; sourceTree = "<group>"; };
		AEBF8FAC167E5969005AB502 /* CoreData.framework */ = {isa = PBXFileReference; lastKnownFileType = wrapper.framework; name = CoreData.framework; path = System/Library/Frameworks/CoreData.framework; sourceTree = SDKROOT; };
		AEBF8FB0167E59A0005AB502 /* DataModel.xcdatamodel */ = {isa = PBXFileReference; lastKnownFileType = wrapper.xcdatamodel; path = DataModel.xcdatamodel; sourceTree = "<group>"; };
		AEC42BF7167E50330015FD20 /* Checkmark.png */ = {isa = PBXFileReference; lastKnownFileType = image.png; path = Checkmark.png; sourceTree = "<group>"; };
		AEC42BF8167E50330015FD20 /* Checkmark@2x.png */ = {isa = PBXFileReference; lastKnownFileType = image.png; path = "Checkmark@2x.png"; sourceTree = "<group>"; };
/* End PBXFileReference section */

/* Begin PBXFrameworksBuildPhase section */
		7BAC9F70157BD85D001D1EEF /* Frameworks */ = {
			isa = PBXFrameworksBuildPhase;
			buildActionMask = 2147483647;
			files = (
				AEBF8FAD167E5969005AB502 /* CoreData.framework in Frameworks */,
				7BAC9FA5157BDD37001D1EEF /* CoreLocation.framework in Frameworks */,
				7BAC9F78157BD85D001D1EEF /* UIKit.framework in Frameworks */,
				7BAC9F7A157BD85D001D1EEF /* Foundation.framework in Frameworks */,
				7BAC9F7C157BD85D001D1EEF /* CoreGraphics.framework in Frameworks */,
			);
			runOnlyForDeploymentPostprocessing = 0;
		};
/* End PBXFrameworksBuildPhase section */

/* Begin PBXGroup section */
		7BAC9F68157BD85C001D1EEF = {
			isa = PBXGroup;
			children = (
				7BAC9F7D157BD85D001D1EEF /* MyLocations */,
				7BAC9F76157BD85D001D1EEF /* Frameworks */,
				7BAC9F74157BD85D001D1EEF /* Products */,
			);
			sourceTree = "<group>";
		};
		7BAC9F74157BD85D001D1EEF /* Products */ = {
			isa = PBXGroup;
			children = (
				7BAC9F73157BD85D001D1EEF /* MyLocations.app */,
			);
			name = Products;
			sourceTree = "<group>";
		};
		7BAC9F76157BD85D001D1EEF /* Frameworks */ = {
			isa = PBXGroup;
			children = (
				AEBF8FAC167E5969005AB502 /* CoreData.framework */,
				7BAC9F7B157BD85D001D1EEF /* CoreGraphics.framework */,
				7BAC9FA4157BDD37001D1EEF /* CoreLocation.framework */,
				7BAC9F79157BD85D001D1EEF /* Foundation.framework */,
				7BAC9F77157BD85D001D1EEF /* UIKit.framework */,
			);
			name = Frameworks;
			sourceTree = "<group>";
		};
		7BAC9F7D157BD85D001D1EEF /* MyLocations */ = {
			isa = PBXGroup;
			children = (
				AE75A5881677AD7A0038F663 /* Progress.txt */,
				7BAC9F86157BD85D001D1EEF /* AppDelegate.h */,
				7BAC9F87157BD85D001D1EEF /* AppDelegate.m */,
				7BAC9F89157BD85D001D1EEF /* MainStoryboard.storyboard */,
				7BAC9F8C157BD85D001D1EEF /* CurrentLocationViewController.h */,
				7BAC9F8D157BD85D001D1EEF /* CurrentLocationViewController.m */,
				7BAC9FAA157BE4C2001D1EEF /* LocationDetailsViewController.h */,
				7BAC9FAB157BE4C2001D1EEF /* LocationDetailsViewController.m */,
				AE75A5841677A0850038F663 /* HudView.h */,
				AE75A5851677A0850038F663 /* HudView.m */,
				7BAC9FAE157BEAA3001D1EEF /* CategoryPickerViewController.h */,
				7BAC9FAF157BEAA3001D1EEF /* CategoryPickerViewController.m */,
				7BAC9F93157BD85D001D1EEF /* SecondViewController.h */,
				7BAC9F94157BD85D001D1EEF /* SecondViewController.m */,
				AEBF8FAF167E59A0005AB502 /* DataModel.xcdatamodeld */,
				AEBF8FB2167E59BA005AB502 /* Misc Images */,
				AEC42BF6167E50330015FD20 /* Hud Images */,
				7BAC9F7E157BD85D001D1EEF /* Supporting Files */,
			);
			path = MyLocations;
			sourceTree = "<group>";
		};
		7BAC9F7E157BD85D001D1EEF /* Supporting Files */ = {
			isa = PBXGroup;
			children = (
				7BAC9F7F157BD85D001D1EEF /* MyLocations-Info.plist */,
				7BAC9F80157BD85D001D1EEF /* InfoPlist.strings */,
				7BAC9F83157BD85D001D1EEF /* main.m */,
				7BAC9F85157BD85D001D1EEF /* MyLocations-Prefix.pch */,
			);
			name = "Supporting Files";
			sourceTree = "<group>";
		};
		AEBF8FB2167E59BA005AB502 /* Misc Images */ = {
			isa = PBXGroup;
			children = (
				7BAC9F8F157BD85D001D1EEF /* first.png */,
				7BAC9F91157BD85D001D1EEF /* first@2x.png */,
				7BAC9F96157BD85D001D1EEF /* second.png */,
				7BAC9F98157BD85D001D1EEF /* second@2x.png */,
			);
			name = "Misc Images";
			sourceTree = "<group>";
		};
		AEC42BF6167E50330015FD20 /* Hud Images */ = {
			isa = PBXGroup;
			children = (
				AEC42BF7167E50330015FD20 /* Checkmark.png */,
				AEC42BF8167E50330015FD20 /* Checkmark@2x.png */,
			);
			path = "Hud Images";
			sourceTree = "<group>";
		};
/* End PBXGroup section */

/* Begin PBXNativeTarget section */
		7BAC9F72157BD85D001D1EEF /* MyLocations */ = {
			isa = PBXNativeTarget;
			buildConfigurationList = 7BAC9F9C157BD85D001D1EEF /* Build configuration list for PBXNativeTarget "MyLocations" */;
			buildPhases = (
				7BAC9F6F157BD85D001D1EEF /* Sources */,
				7BAC9F70157BD85D001D1EEF /* Frameworks */,
				7BAC9F71157BD85D001D1EEF /* Resources */,
			);
			buildRules = (
			);
			dependencies = (
			);
			name = MyLocations;
			productName = MyLocations;
			productReference = 7BAC9F73157BD85D001D1EEF /* MyLocations.app */;
			productType = "com.apple.product-type.application";
		};
/* End PBXNativeTarget section */

/* Begin PBXProject section */
		7BAC9F6A157BD85C001D1EEF /* Project object */ = {
			isa = PBXProject;
			attributes = {
				LastUpgradeCheck = 0430;
				ORGANIZATIONNAME = Hollance;
			};
			buildConfigurationList = 7BAC9F6D157BD85C001D1EEF /* Build configuration list for PBXProject "MyLocations" */;
			compatibilityVersion = "Xcode 3.2";
			developmentRegion = English;
			hasScannedForEncodings = 0;
			knownRegions = (
				en,
			);
			mainGroup = 7BAC9F68157BD85C001D1EEF;
			productRefGroup = 7BAC9F74157BD85D001D1EEF /* Products */;
			projectDirPath = "";
			projectRoot = "";
			targets = (
				7BAC9F72157BD85D001D1EEF /* MyLocations */,
			);
		};
/* End PBXProject section */

/* Begin PBXResourcesBuildPhase section */
		7BAC9F71157BD85D001D1EEF /* Resources */ = {
			isa = PBXResourcesBuildPhase;
			buildActionMask = 2147483647;
			files = (
				7BAC9F82157BD85D001D1EEF /* InfoPlist.strings in Resources */,
				7BAC9F8B157BD85D001D1EEF /* MainStoryboard.storyboard in Resources */,
				7BAC9F90157BD85D001D1EEF /* first.png in Resources */,
				7BAC9F92157BD85D001D1EEF /* first@2x.png in Resources */,
				7BAC9F97157BD85D001D1EEF /* second.png in Resources */,
				7BAC9F99157BD85D001D1EEF /* second@2x.png in Resources */,
				AE75A5891677AD7A0038F663 /* Progress.txt in Resources */,
				AEC42BF9167E50330015FD20 /* Checkmark.png in Resources */,
				AEC42BFA167E50330015FD20 /* Checkmark@2x.png in Resources */,
			);
			runOnlyForDeploymentPostprocessing = 0;
		};
/* End PBXResourcesBuildPhase section */

/* Begin PBXSourcesBuildPhase section */
		7BAC9F6F157BD85D001D1EEF /* Sources */ = {
			isa = PBXSourcesBuildPhase;
			buildActionMask = 2147483647;
			files = (
				7BAC9F84157BD85D001D1EEF /* main.m in Sources */,
				7BAC9F88157BD85D001D1EEF /* AppDelegate.m in Sources */,
				7BAC9F8E157BD85D001D1EEF /* CurrentLocationViewController.m in Sources */,
				7BAC9F95157BD85D001D1EEF /* SecondViewController.m in Sources */,
				7BAC9FAC157BE4C2001D1EEF /* LocationDetailsViewController.m in Sources */,
				7BAC9FB0157BEAA3001D1EEF /* CategoryPickerViewController.m in Sources */,
				AE75A5861677A0850038F663 /* HudView.m in Sources */,
				AEBF8FB1167E59A0005AB502 /* DataModel.xcdatamodeld in Sources */,
			);
			runOnlyForDeploymentPostprocessing = 0;
		};
/* End PBXSourcesBuildPhase section */

/* Begin PBXVariantGroup section */
		7BAC9F80157BD85D001D1EEF /* InfoPlist.strings */ = {
			isa = PBXVariantGroup;
			children = (
				7BAC9F81157BD85D001D1EEF /* en */,
			);
			name = InfoPlist.strings;
			sourceTree = "<group>";
		};
		7BAC9F89157BD85D001D1EEF /* MainStoryboard.storyboard */ = {
			isa = PBXVariantGroup;
			children = (
				7BAC9F8A157BD85D001D1EEF /* en */,
			);
			name = MainStoryboard.storyboard;
			sourceTree = "<group>";
		};
/* End PBXVariantGroup section */

/* Begin XCBuildConfiguration section */
		7BAC9F9A157BD85D001D1EEF /* Debug */ = {
			isa = XCBuildConfiguration;
			buildSettings = {
				ALWAYS_SEARCH_USER_PATHS = NO;
				ARCHS = "$(ARCHS_STANDARD_32_BIT)";
				CLANG_ENABLE_OBJC_ARC = YES;
				"CODE_SIGN_IDENTITY[sdk=iphoneos*]" = "iPhone Developer";
				COPY_PHASE_STRIP = NO;
				GCC_C_LANGUAGE_STANDARD = gnu99;
				GCC_DYNAMIC_NO_PIC = NO;
				GCC_OPTIMIZATION_LEVEL = 0;
				GCC_PREPROCESSOR_DEFINITIONS = (
					"DEBUG=1",
					"$(inherited)",
				);
				GCC_SYMBOLS_PRIVATE_EXTERN = NO;
				GCC_VERSION = com.apple.compilers.llvm.clang.1_0;
				GCC_WARN_ABOUT_RETURN_TYPE = YES;
				GCC_WARN_UNINITIALIZED_AUTOS = YES;
				GCC_WARN_UNUSED_VARIABLE = YES;
				IPHONEOS_DEPLOYMENT_TARGET = 5.1;
				SDKROOT = iphoneos;
			};
			name = Debug;
		};
		7BAC9F9B157BD85D001D1EEF /* Release */ = {
			isa = XCBuildConfiguration;
			buildSettings = {
				ALWAYS_SEARCH_USER_PATHS = NO;
				ARCHS = "$(ARCHS_STANDARD_32_BIT)";
				CLANG_ENABLE_OBJC_ARC = YES;
				"CODE_SIGN_IDENTITY[sdk=iphoneos*]" = "iPhone Developer";
				COPY_PHASE_STRIP = YES;
				GCC_C_LANGUAGE_STANDARD = gnu99;
				GCC_VERSION = com.apple.compilers.llvm.clang.1_0;
				GCC_WARN_ABOUT_RETURN_TYPE = YES;
				GCC_WARN_UNINITIALIZED_AUTOS = YES;
				GCC_WARN_UNUSED_VARIABLE = YES;
				IPHONEOS_DEPLOYMENT_TARGET = 5.1;
				OTHER_CFLAGS = "-DNS_BLOCK_ASSERTIONS=1";
				SDKROOT = iphoneos;
				VALIDATE_PRODUCT = YES;
			};
			name = Release;
		};
		7BAC9F9D157BD85D001D1EEF /* Debug */ = {
			isa = XCBuildConfiguration;
			buildSettings = {
				GCC_PRECOMPILE_PREFIX_HEADER = YES;
				GCC_PREFIX_HEADER = "MyLocations/MyLocations-Prefix.pch";
				INFOPLIST_FILE = "MyLocations/MyLocations-Info.plist";
				PRODUCT_NAME = "$(TARGET_NAME)";
				WRAPPER_EXTENSION = app;
			};
			name = Debug;
		};
		7BAC9F9E157BD85D001D1EEF /* Release */ = {
			isa = XCBuildConfiguration;
			buildSettings = {
				GCC_PRECOMPILE_PREFIX_HEADER = YES;
				GCC_PREFIX_HEADER = "MyLocations/MyLocations-Prefix.pch";
				INFOPLIST_FILE = "MyLocations/MyLocations-Info.plist";
				PRODUCT_NAME = "$(TARGET_NAME)";
				WRAPPER_EXTENSION = app;
			};
			name = Release;
		};
/* End XCBuildConfiguration section */

/* Begin XCConfigurationList section */
		7BAC9F6D157BD85C001D1EEF /* Build configuration list for PBXProject "MyLocations" */ = {
			isa = XCConfigurationList;
			buildConfigurations = (
				7BAC9F9A157BD85D001D1EEF /* Debug */,
				7BAC9F9B157BD85D001D1EEF /* Release */,
			);
			defaultConfigurationIsVisible = 0;
			defaultConfigurationName = Release;
		};
		7BAC9F9C157BD85D001D1EEF /* Build configuration list for PBXNativeTarget "MyLocations" */ = {
			isa = XCConfigurationList;
			buildConfigurations = (
				7BAC9F9D157BD85D001D1EEF /* Debug */,
				7BAC9F9E157BD85D001D1EEF /* Release */,
			);
			defaultConfigurationIsVisible = 0;
			defaultConfigurationName = Release;
		};
/* End XCConfigurationList section */

/* Begin XCVersionGroup section */
		AEBF8FAF167E59A0005AB502 /* DataModel.xcdatamodeld */ = {
			isa = XCVersionGroup;
			children = (
				AEBF8FB0167E59A0005AB502 /* DataModel.xcdatamodel */,
			);
			currentVersion = AEBF8FB0167E59A0005AB502 /* DataModel.xcdatamodel */;
			path = DataModel.xcdatamodeld;
			sourceTree = "<group>";
			versionGroupType = wrapper.xcdatamodel;
		};
/* End XCVersionGroup section */
	};
	rootObject = 7BAC9F6A157BD85C001D1EEF /* Project object */;
}
